
Microsoft Visual Studio Solution File, Format Version 12.00
# Visual Studio Version 16
VisualStudioVersion = 16.0.30523.141
MinimumVisualStudioVersion = 10.0.40219.1
Project("{9092AA53-FB77-4645-B42D-1CCCA6BD08BD}") = "MilkCalvingPatterns", "MilkCalvingPatterns\MilkCalvingPatterns.njsproj", "{23D93A15-8E4D-4C58-940A-5C62EB241C9B}"
EndProject
Global
	GlobalSection(SolutionConfigurationPlatforms) = preSolution
		Debug|Any CPU = Debug|Any CPU
		Release|Any CPU = Release|Any CPU
	EndGlobalSection
	GlobalSection(ProjectConfigurationPlatforms) = postSolution
		{23D93A15-8E4D-4C58-940A-5C62EB241C9B}.Debug|Any CPU.ActiveCfg = Debug|Any CPU
		{23D93A15-8E4D-4C58-940A-5C62EB241C9B}.Debug|Any CPU.Build.0 = Debug|Any CPU
		{23D93A15-8E4D-4C58-940A-5C62EB241C9B}.Release|Any CPU.ActiveCfg = Release|Any CPU
		{23D93A15-8E4D-4C58-940A-5C62EB241C9B}.Release|Any CPU.Build.0 = Release|Any CPU
	EndGlobalSection
	GlobalSection(SolutionProperties) = preSolution
		HideSolutionNode = FALSE
	EndGlobalSection
	GlobalSection(ExtensibilityGlobals) = postSolution
		SolutionGuid = {1CC35691-9CEB-4FB9-AF3E-683BB2728D1F}
	EndGlobalSection
EndGlobal
